
Microsoft Visual Studio Solution File, Format Version 12.00
# Visual Studio Version 17
VisualStudioVersion = 17.13.35825.156 d17.13
MinimumVisualStudioVersion = 10.0.40219.1
Project("{FAE04EC0-301F-11D3-BF4B-00C04F79EFBC}") = "CourseWork", "CourseWork.csproj", "{9647292E-EC37-4CFF-B21B-2F48D90DFF68}"
EndProject
Global
	GlobalSection(SolutionConfigurationPlatforms) = preSolution
		Debug|Any CPU = Debug|Any CPU
		Release|Any CPU = Release|Any CPU
	EndGlobalSection
	GlobalSection(ProjectConfigurationPlatforms) = postSolution
		{9647292E-EC37-4CFF-B21B-2F48D90DFF68}.Debug|Any CPU.ActiveCfg = Debug|Any CPU
		{9647292E-EC37-4CFF-B21B-2F48D90DFF68}.Debug|Any CPU.Build.0 = Debug|Any CPU
		{9647292E-EC37-4CFF-B21B-2F48D90DFF68}.Release|Any CPU.ActiveCfg = Release|Any CPU
		{9647292E-EC37-4CFF-B21B-2F48D90DFF68}.Release|Any CPU.Build.0 = Release|Any CPU
	EndGlobalSection
	GlobalSection(SolutionProperties) = preSolution
		HideSolutionNode = FALSE
	EndGlobalSection
	GlobalSection(ExtensibilityGlobals) = postSolution
		SolutionGuid = {C9D38F44-D590-4187-B9DC-E5ABDB454961}
	EndGlobalSection
EndGlobal
